
Microsoft Visual Studio Solution File, Format Version 12.00
# Visual Studio Version 16
VisualStudioVersion = 16.0.28922.388
MinimumVisualStudioVersion = 10.0.40219.1
Project("{FAE04EC0-301F-11D3-BF4B-00C04F79EFBC}") = "GenerateHTMDocsV3", "GenerateHTMDocsV3\GenerateHTMDocsV3.csproj", "{08929C76-0A91-41E0-887F-0FE00E1F5676}"
EndProject
Global
	GlobalSection(SolutionConfigurationPlatforms) = preSolution
		Debug|Any CPU = Debug|Any CPU
		Release|Any CPU = Release|Any CPU
	EndGlobalSection
	GlobalSection(ProjectConfigurationPlatforms) = postSolution
		{08929C76-0A91-41E0-887F-0FE00E1F5676}.Debug|Any CPU.ActiveCfg = Debug|Any CPU
		{08929C76-0A91-41E0-887F-0FE00E1F5676}.Debug|Any CPU.Build.0 = Debug|Any CPU
		{08929C76-0A91-41E0-887F-0FE00E1F5676}.Release|Any CPU.ActiveCfg = Release|Any CPU
		{08929C76-0A91-41E0-887F-0FE00E1F5676}.Release|Any CPU.Build.0 = Release|Any CPU
	EndGlobalSection
	GlobalSection(SolutionProperties) = preSolution
		HideSolutionNode = FALSE
	EndGlobalSection
	GlobalSection(ExtensibilityGlobals) = postSolution
		SolutionGuid = {287A461A-3F1D-4C49-ADDC-D5BD695D8AFD}
	EndGlobalSection
EndGlobal
